
Microsoft Visual Studio Solution File, Format Version 12.00
# Visual Studio Version 16
VisualStudioVersion = 16.0.29609.76
MinimumVisualStudioVersion = 10.0.40219.1
Project("{888888A0-9F3D-457C-B088-3A5042F75D52}") = "MusicFlaskApi", "MusicFlaskApi.pyproj", "{D25BD15A-167D-4AFB-A086-943B22579C07}"
EndProject
Global
	GlobalSection(SolutionConfigurationPlatforms) = preSolution
		Debug|Any CPU = Debug|Any CPU
		Release|Any CPU = Release|Any CPU
	EndGlobalSection
	GlobalSection(ProjectConfigurationPlatforms) = postSolution
		{D25BD15A-167D-4AFB-A086-943B22579C07}.Debug|Any CPU.ActiveCfg = Debug|Any CPU
		{D25BD15A-167D-4AFB-A086-943B22579C07}.Debug|Any CPU.Build.0 = Debug|Any CPU
		{D25BD15A-167D-4AFB-A086-943B22579C07}.Release|Any CPU.ActiveCfg = Release|Any CPU
		{D25BD15A-167D-4AFB-A086-943B22579C07}.Release|Any CPU.Build.0 = Release|Any CPU
	EndGlobalSection
	GlobalSection(SolutionProperties) = preSolution
		HideSolutionNode = FALSE
	EndGlobalSection
	GlobalSection(ExtensibilityGlobals) = postSolution
		SolutionGuid = {DDAD8511-5886-4CF5-B71B-23786C22B059}
	EndGlobalSection
EndGlobal
